
Microsoft Visual Studio Solution File, Format Version 12.00
# Visual Studio Version 17
VisualStudioVersion = 17.6.33717.318
MinimumVisualStudioVersion = 10.0.40219.1
Project("{9A19103F-16F7-4668-BE54-9A1E7A4F7556}") = "TinyLink.Core", "TinyLink.Core\TinyLink.Core.csproj", "{9546597F-023C-4CCD-9286-F3E9E1470CF1}"
EndProject
Global
	GlobalSection(SolutionConfigurationPlatforms) = preSolution
		Debug|Any CPU = Debug|Any CPU
		Release|Any CPU = Release|Any CPU
	EndGlobalSection
	GlobalSection(ProjectConfigurationPlatforms) = postSolution
		{9546597F-023C-4CCD-9286-F3E9E1470CF1}.Debug|Any CPU.ActiveCfg = Debug|Any CPU
		{9546597F-023C-4CCD-9286-F3E9E1470CF1}.Debug|Any CPU.Build.0 = Debug|Any CPU
		{9546597F-023C-4CCD-9286-F3E9E1470CF1}.Release|Any CPU.ActiveCfg = Release|Any CPU
		{9546597F-023C-4CCD-9286-F3E9E1470CF1}.Release|Any CPU.Build.0 = Release|Any CPU
	EndGlobalSection
	GlobalSection(SolutionProperties) = preSolution
		HideSolutionNode = FALSE
	EndGlobalSection
	GlobalSection(ExtensibilityGlobals) = postSolution
		SolutionGuid = {D711FEA8-1801-4B5B-80B4-8027891F43AA}
	EndGlobalSection
EndGlobal
